
Microsoft Visual Studio Solution File, Format Version 12.00
# Visual Studio Version 16
VisualStudioVersion = 16.0.30503.244
MinimumVisualStudioVersion = 10.0.40219.1
Project("{FAE04EC0-301F-11D3-BF4B-00C04F79EFBC}") = "BlogApp.WebUI", "BlogApp.WebUI\BlogApp.WebUI.csproj", "{944E5FB1-4909-4DB9-BB4F-38028DF1A5F1}"
EndProject
Project("{FAE04EC0-301F-11D3-BF4B-00C04F79EFBC}") = "BlogApp.Data", "BlogApp.Models\BlogApp.Data.csproj", "{CA1FEA79-CD67-4196-B812-86CAD176939F}"
EndProject
Project("{FAE04EC0-301F-11D3-BF4B-00C04F79EFBC}") = "BlogApp.Entity", "BlogApp.Entity\BlogApp.Entity.csproj", "{F8101A6F-3AD3-4B19-8DD8-812C20DF00EB}"
EndProject
Global
	GlobalSection(SolutionConfigurationPlatforms) = preSolution
		Debug|Any CPU = Debug|Any CPU
		Release|Any CPU = Release|Any CPU
	EndGlobalSection
	GlobalSection(ProjectConfigurationPlatforms) = postSolution
		{944E5FB1-4909-4DB9-BB4F-38028DF1A5F1}.Debug|Any CPU.ActiveCfg = Debug|Any CPU
		{944E5FB1-4909-4DB9-BB4F-38028DF1A5F1}.Debug|Any CPU.Build.0 = Debug|Any CPU
		{944E5FB1-4909-4DB9-BB4F-38028DF1A5F1}.Release|Any CPU.ActiveCfg = Release|Any CPU
		{944E5FB1-4909-4DB9-BB4F-38028DF1A5F1}.Release|Any CPU.Build.0 = Release|Any CPU
		{CA1FEA79-CD67-4196-B812-86CAD176939F}.Debug|Any CPU.ActiveCfg = Debug|Any CPU
		{CA1FEA79-CD67-4196-B812-86CAD176939F}.Debug|Any CPU.Build.0 = Debug|Any CPU
		{CA1FEA79-CD67-4196-B812-86CAD176939F}.Release|Any CPU.ActiveCfg = Release|Any CPU
		{CA1FEA79-CD67-4196-B812-86CAD176939F}.Release|Any CPU.Build.0 = Release|Any CPU
		{F8101A6F-3AD3-4B19-8DD8-812C20DF00EB}.Debug|Any CPU.ActiveCfg = Debug|Any CPU
		{F8101A6F-3AD3-4B19-8DD8-812C20DF00EB}.Debug|Any CPU.Build.0 = Debug|Any CPU
		{F8101A6F-3AD3-4B19-8DD8-812C20DF00EB}.Release|Any CPU.ActiveCfg = Release|Any CPU
		{F8101A6F-3AD3-4B19-8DD8-812C20DF00EB}.Release|Any CPU.Build.0 = Release|Any CPU
	EndGlobalSection
	GlobalSection(SolutionProperties) = preSolution
		HideSolutionNode = FALSE
	EndGlobalSection
	GlobalSection(ExtensibilityGlobals) = postSolution
		SolutionGuid = {4B7ED208-1869-4C66-9A46-411EDFBE5741}
	EndGlobalSection
EndGlobal
